// !$*UTF8*$!
{
	archiveVersion = 1;
	classes = {
	};
	objectVersion = 50;
	objects = {

/* Begin PBXBuildFile section */
		F44ECD17217D250100DE50C6 /* QuestionController.swift in Sources */ = {isa = PBXBuildFile; fileRef = F44ECD16217D250100DE50C6 /* QuestionController.swift */; };
		F44ECD1B217E012300DE50C6 /* ExtensionTests.swift in Sources */ = {isa = PBXBuildFile; fileRef = F44ECD1A217E012300DE50C6 /* ExtensionTests.swift */; };
		F4B1EBF0217B4E11001DD5C3 /* AppDelegate.swift in Sources */ = {isa = PBXBuildFile; fileRef = F4B1EBEF217B4E11001DD5C3 /* AppDelegate.swift */; };
		F4B1EBF7217B4E13001DD5C3 /* Assets.xcassets in Resources */ = {isa = PBXBuildFile; fileRef = F4B1EBF6217B4E13001DD5C3 /* Assets.xcassets */; };
		F4B1EBFA217B4E13001DD5C3 /* LaunchScreen.storyboard in Resources */ = {isa = PBXBuildFile; fileRef = F4B1EBF8217B4E13001DD5C3 /* LaunchScreen.storyboard */; };
		F4B1EC05217B4E13001DD5C3 /* PracticalTestSessionTests.swift in Sources */ = {isa = PBXBuildFile; fileRef = F4B1EC04217B4E13001DD5C3 /* PracticalTestSessionTests.swift */; };
		F4B1EC10217B4EC3001DD5C3 /* SearchController.swift in Sources */ = {isa = PBXBuildFile; fileRef = F4B1EC0F217B4EC3001DD5C3 /* SearchController.swift */; };
		F4B1EC12217B4F8A001DD5C3 /* Extensions.swift in Sources */ = {isa = PBXBuildFile; fileRef = F4B1EC11217B4F8A001DD5C3 /* Extensions.swift */; };
		F4B1EC16217B50B6001DD5C3 /* Question.swift in Sources */ = {isa = PBXBuildFile; fileRef = F4B1EC15217B50B6001DD5C3 /* Question.swift */; };
		F4B1EC18217B51B9001DD5C3 /* Author.swift in Sources */ = {isa = PBXBuildFile; fileRef = F4B1EC17217B51B9001DD5C3 /* Author.swift */; };
		F4B1EC1A217B5296001DD5C3 /* ApiManager.swift in Sources */ = {isa = PBXBuildFile; fileRef = F4B1EC19217B5296001DD5C3 /* ApiManager.swift */; };
		F4B1EC2C217BC365001DD5C3 /* SearchTableViewCell.swift in Sources */ = {isa = PBXBuildFile; fileRef = F4B1EC2B217BC365001DD5C3 /* SearchTableViewCell.swift */; };
		F4B1EC35217C807F001DD5C3 /* Localizable.stringsdict in Resources */ = {isa = PBXBuildFile; fileRef = F4B1EC34217C807F001DD5C3 /* Localizable.stringsdict */; };
/* End PBXBuildFile section */

/* Begin PBXContainerItemProxy section */
		F4B1EC01217B4E13001DD5C3 /* PBXContainerItemProxy */ = {
			isa = PBXContainerItemProxy;
			containerPortal = F4B1EBE4217B4E11001DD5C3 /* Project object */;
			proxyType = 1;
			remoteGlobalIDString = F4B1EBEB217B4E11001DD5C3;
			remoteInfo = "iOS Practical Code Test";
		};
/* End PBXContainerItemProxy section */

/* Begin PBXFileReference section */
		F44ECD16217D250100DE50C6 /* QuestionController.swift */ = {isa = PBXFileReference; lastKnownFileType = sourcecode.swift; path = QuestionController.swift; sourceTree = "<group>"; };
		F44ECD1A217E012300DE50C6 /* ExtensionTests.swift */ = {isa = PBXFileReference; lastKnownFileType = sourcecode.swift; path = ExtensionTests.swift; sourceTree = "<group>"; };
		F4B1EBEC217B4E11001DD5C3 /* iOS Practical Code Test.app */ = {isa = PBXFileReference; explicitFileType = wrapper.application; includeInIndex = 0; path = "iOS Practical Code Test.app"; sourceTree = BUILT_PRODUCTS_DIR; };
		F4B1EBEF217B4E11001DD5C3 /* AppDelegate.swift */ = {isa = PBXFileReference; lastKnownFileType = sourcecode.swift; path = AppDelegate.swift; sourceTree = "<group>"; };
		F4B1EBF6217B4E13001DD5C3 /* Assets.xcassets */ = {isa = PBXFileReference; lastKnownFileType = folder.assetcatalog; path = Assets.xcassets; sourceTree = "<group>"; };
		F4B1EBF9217B4E13001DD5C3 /* Base */ = {isa = PBXFileReference; lastKnownFileType = file.storyboard; name = Base; path = Base.lproj/LaunchScreen.storyboard; sourceTree = "<group>"; };
		F4B1EBFB217B4E13001DD5C3 /* Info.plist */ = {isa = PBXFileReference; lastKnownFileType = text.plist.xml; path = Info.plist; sourceTree = "<group>"; };
		F4B1EC00217B4E13001DD5C3 /* iOS Practical Code TestTests.xctest */ = {isa = PBXFileReference; explicitFileType = wrapper.cfbundle; includeInIndex = 0; path = "iOS Practical Code TestTests.xctest"; sourceTree = BUILT_PRODUCTS_DIR; };
		F4B1EC04217B4E13001DD5C3 /* PracticalTestSessionTests.swift */ = {isa = PBXFileReference; lastKnownFileType = sourcecode.swift; path = PracticalTestSessionTests.swift; sourceTree = "<group>"; };
		F4B1EC06217B4E13001DD5C3 /* Info.plist */ = {isa = PBXFileReference; lastKnownFileType = text.plist.xml; path = Info.plist; sourceTree = "<group>"; };
		F4B1EC0F217B4EC3001DD5C3 /* SearchController.swift */ = {isa = PBXFileReference; lastKnownFileType = sourcecode.swift; path = SearchController.swift; sourceTree = "<group>"; };
		F4B1EC11217B4F8A001DD5C3 /* Extensions.swift */ = {isa = PBXFileReference; lastKnownFileType = sourcecode.swift; path = Extensions.swift; sourceTree = "<group>"; };
		F4B1EC15217B50B6001DD5C3 /* Question.swift */ = {isa = PBXFileReference; lastKnownFileType = sourcecode.swift; path = Question.swift; sourceTree = "<group>"; };
		F4B1EC17217B51B9001DD5C3 /* Author.swift */ = {isa = PBXFileReference; lastKnownFileType = sourcecode.swift; path = Author.swift; sourceTree = "<group>"; };
		F4B1EC19217B5296001DD5C3 /* ApiManager.swift */ = {isa = PBXFileReference; lastKnownFileType = sourcecode.swift; path = ApiManager.swift; sourceTree = "<group>"; };
		F4B1EC2B217BC365001DD5C3 /* SearchTableViewCell.swift */ = {isa = PBXFileReference; lastKnownFileType = sourcecode.swift; name = SearchTableViewCell.swift; path = "iOS Practical Code Test/Views/SearchTableViewCell.swift"; sourceTree = SOURCE_ROOT; };
		F4B1EC34217C807F001DD5C3 /* Localizable.stringsdict */ = {isa = PBXFileReference; lastKnownFileType = text.plist.stringsdict; path = Localizable.stringsdict; sourceTree = "<group>"; };
/* End PBXFileReference section */

/* Begin PBXFrameworksBuildPhase section */
		F4B1EBE9217B4E11001DD5C3 /* Frameworks */ = {
			isa = PBXFrameworksBuildPhase;
			buildActionMask = 2147483647;
			files = (
			);
			runOnlyForDeploymentPostprocessing = 0;
		};
		F4B1EBFD217B4E13001DD5C3 /* Frameworks */ = {
			isa = PBXFrameworksBuildPhase;
			buildActionMask = 2147483647;
			files = (
			);
			runOnlyForDeploymentPostprocessing = 0;
		};
/* End PBXFrameworksBuildPhase section */

/* Begin PBXGroup section */
		F4B1EBE3217B4E11001DD5C3 = {
			isa = PBXGroup;
			children = (
				F4B1EBEE217B4E11001DD5C3 /* iOS Practical Code Test */,
				F4B1EC03217B4E13001DD5C3 /* iOS Practical Code TestTests */,
				F4B1EBED217B4E11001DD5C3 /* Products */,
			);
			sourceTree = "<group>";
		};
		F4B1EBED217B4E11001DD5C3 /* Products */ = {
			isa = PBXGroup;
			children = (
				F4B1EBEC217B4E11001DD5C3 /* iOS Practical Code Test.app */,
				F4B1EC00217B4E13001DD5C3 /* iOS Practical Code TestTests.xctest */,
			);
			name = Products;
			sourceTree = "<group>";
		};
		F4B1EBEE217B4E11001DD5C3 /* iOS Practical Code Test */ = {
			isa = PBXGroup;
			children = (
				F4B1EC14217B504C001DD5C3 /* Models */,
				F4B1EC37217CB550001DD5C3 /* Views */,
				F4B1EC13217B5040001DD5C3 /* Controllers */,
				F4B1EC36217CB427001DD5C3 /* Helpers */,
				F4B1EBEF217B4E11001DD5C3 /* AppDelegate.swift */,
				F4B1EBF6217B4E13001DD5C3 /* Assets.xcassets */,
				F4B1EBF8217B4E13001DD5C3 /* LaunchScreen.storyboard */,
				F4B1EBFB217B4E13001DD5C3 /* Info.plist */,
			);
			path = "iOS Practical Code Test";
			sourceTree = "<group>";
		};
		F4B1EC03217B4E13001DD5C3 /* iOS Practical Code TestTests */ = {
			isa = PBXGroup;
			children = (
				F4B1EC04217B4E13001DD5C3 /* PracticalTestSessionTests.swift */,
				F44ECD1A217E012300DE50C6 /* ExtensionTests.swift */,
				F4B1EC06217B4E13001DD5C3 /* Info.plist */,
			);
			path = "iOS Practical Code TestTests";
			sourceTree = "<group>";
		};
		F4B1EC13217B5040001DD5C3 /* Controllers */ = {
			isa = PBXGroup;
			children = (
				F44ECD16217D250100DE50C6 /* QuestionController.swift */,
				F4B1EC0F217B4EC3001DD5C3 /* SearchController.swift */,
			);
			path = Controllers;
			sourceTree = "<group>";
		};
		F4B1EC14217B504C001DD5C3 /* Models */ = {
			isa = PBXGroup;
			children = (
				F4B1EC15217B50B6001DD5C3 /* Question.swift */,
				F4B1EC17217B51B9001DD5C3 /* Author.swift */,
			);
			path = Models;
			sourceTree = "<group>";
		};
		F4B1EC36217CB427001DD5C3 /* Helpers */ = {
			isa = PBXGroup;
			children = (
				F4B1EC19217B5296001DD5C3 /* ApiManager.swift */,
				F4B1EC11217B4F8A001DD5C3 /* Extensions.swift */,
				F4B1EC34217C807F001DD5C3 /* Localizable.stringsdict */,
			);
			path = Helpers;
			sourceTree = "<group>";
		};
		F4B1EC37217CB550001DD5C3 /* Views */ = {
			isa = PBXGroup;
			children = (
				F4B1EC2B217BC365001DD5C3 /* SearchTableViewCell.swift */,
			);
			path = Views;
			sourceTree = "<group>";
		};
/* End PBXGroup section */

/* Begin PBXNativeTarget section */
		F4B1EBEB217B4E11001DD5C3 /* iOS Practical Code Test */ = {
			isa = PBXNativeTarget;
			buildConfigurationList = F4B1EC09217B4E13001DD5C3 /* Build configuration list for PBXNativeTarget "iOS Practical Code Test" */;
			buildPhases = (
				F4B1EBE8217B4E11001DD5C3 /* Sources */,
				F4B1EBE9217B4E11001DD5C3 /* Frameworks */,
				F4B1EBEA217B4E11001DD5C3 /* Resources */,
			);
			buildRules = (
			);
			dependencies = (
			);
			name = "iOS Practical Code Test";
			productName = "iOS Practical Code Test";
			productReference = F4B1EBEC217B4E11001DD5C3 /* iOS Practical Code Test.app */;
			productType = "com.apple.product-type.application";
		};
		F4B1EBFF217B4E13001DD5C3 /* iOS Practical Code TestTests */ = {
			isa = PBXNativeTarget;
			buildConfigurationList = F4B1EC0C217B4E13001DD5C3 /* Build configuration list for PBXNativeTarget "iOS Practical Code TestTests" */;
			buildPhases = (
				F4B1EBFC217B4E13001DD5C3 /* Sources */,
				F4B1EBFD217B4E13001DD5C3 /* Frameworks */,
				F4B1EBFE217B4E13001DD5C3 /* Resources */,
			);
			buildRules = (
			);
			dependencies = (
				F4B1EC02217B4E13001DD5C3 /* PBXTargetDependency */,
			);
			name = "iOS Practical Code TestTests";
			productName = "iOS Practical Code TestTests";
			productReference = F4B1EC00217B4E13001DD5C3 /* iOS Practical Code TestTests.xctest */;
			productType = "com.apple.product-type.bundle.unit-test";
		};
/* End PBXNativeTarget section */

/* Begin PBXProject section */
		F4B1EBE4217B4E11001DD5C3 /* Project object */ = {
			isa = PBXProject;
			attributes = {
				LastSwiftUpdateCheck = 1000;
				LastUpgradeCheck = 1000;
				ORGANIZATIONNAME = "Trademark Technology";
				TargetAttributes = {
					F4B1EBEB217B4E11001DD5C3 = {
						CreatedOnToolsVersion = 10.0;
					};
					F4B1EBFF217B4E13001DD5C3 = {
						CreatedOnToolsVersion = 10.0;
						TestTargetID = F4B1EBEB217B4E11001DD5C3;
					};
				};
			};
			buildConfigurationList = F4B1EBE7217B4E11001DD5C3 /* Build configuration list for PBXProject "iOS Practical Code Test" */;
			compatibilityVersion = "Xcode 9.3";
			developmentRegion = en;
			hasScannedForEncodings = 0;
			knownRegions = (
				en,
				Base,
			);
			mainGroup = F4B1EBE3217B4E11001DD5C3;
			productRefGroup = F4B1EBED217B4E11001DD5C3 /* Products */;
			projectDirPath = "";
			projectRoot = "";
			targets = (
				F4B1EBEB217B4E11001DD5C3 /* iOS Practical Code Test */,
				F4B1EBFF217B4E13001DD5C3 /* iOS Practical Code TestTests */,
			);
		};
/* End PBXProject section */

/* Begin PBXResourcesBuildPhase section */
		F4B1EBEA217B4E11001DD5C3 /* Resources */ = {
			isa = PBXResourcesBuildPhase;
			buildActionMask = 2147483647;
			files = (
				F4B1EBFA217B4E13001DD5C3 /* LaunchScreen.storyboard in Resources */,
				F4B1EBF7217B4E13001DD5C3 /* Assets.xcassets in Resources */,
				F4B1EC35217C807F001DD5C3 /* Localizable.stringsdict in Resources */,
			);
			runOnlyForDeploymentPostprocessing = 0;
		};
		F4B1EBFE217B4E13001DD5C3 /* Resources */ = {
			isa = PBXResourcesBuildPhase;
			buildActionMask = 2147483647;
			files = (
			);
			runOnlyForDeploymentPostprocessing = 0;
		};
/* End PBXResourcesBuildPhase section */

/* Begin PBXSourcesBuildPhase section */
		F4B1EBE8217B4E11001DD5C3 /* Sources */ = {
			isa = PBXSourcesBuildPhase;
			buildActionMask = 2147483647;
			files = (
				F4B1EBF0217B4E11001DD5C3 /* AppDelegate.swift in Sources */,
				F4B1EC16217B50B6001DD5C3 /* Question.swift in Sources */,
				F4B1EC12217B4F8A001DD5C3 /* Extensions.swift in Sources */,
				F4B1EC10217B4EC3001DD5C3 /* SearchController.swift in Sources */,
				F4B1EC1A217B5296001DD5C3 /* ApiManager.swift in Sources */,
				F4B1EC18217B51B9001DD5C3 /* Author.swift in Sources */,
				F4B1EC2C217BC365001DD5C3 /* SearchTableViewCell.swift in Sources */,
				F44ECD17217D250100DE50C6 /* QuestionController.swift in Sources */,
			);
			runOnlyForDeploymentPostprocessing = 0;
		};
		F4B1EBFC217B4E13001DD5C3 /* Sources */ = {
			isa = PBXSourcesBuildPhase;
			buildActionMask = 2147483647;
			files = (
				F4B1EC05217B4E13001DD5C3 /* PracticalTestSessionTests.swift in Sources */,
				F44ECD1B217E012300DE50C6 /* ExtensionTests.swift in Sources */,
			);
			runOnlyForDeploymentPostprocessing = 0;
		};
/* End PBXSourcesBuildPhase section */

/* Begin PBXTargetDependency section */
		F4B1EC02217B4E13001DD5C3 /* PBXTargetDependency */ = {
			isa = PBXTargetDependency;
			target = F4B1EBEB217B4E11001DD5C3 /* iOS Practical Code Test */;
			targetProxy = F4B1EC01217B4E13001DD5C3 /* PBXContainerItemProxy */;
		};
/* End PBXTargetDependency section */

/* Begin PBXVariantGroup section */
		F4B1EBF8217B4E13001DD5C3 /* LaunchScreen.storyboard */ = {
			isa = PBXVariantGroup;
			children = (
				F4B1EBF9217B4E13001DD5C3 /* Base */,
			);
			name = LaunchScreen.storyboard;
			sourceTree = "<group>";
		};
/* End PBXVariantGroup section */

/* Begin XCBuildConfiguration section */
		F4B1EC07217B4E13001DD5C3 /* Debug */ = {
			isa = XCBuildConfiguration;
			buildSettings = {
				ALWAYS_SEARCH_USER_PATHS = NO;
				CLANG_ANALYZER_NONNULL = YES;
				CLANG_ANALYZER_NUMBER_OBJECT_CONVERSION = YES_AGGRESSIVE;
				CLANG_CXX_LANGUAGE_STANDARD = "gnu++14";
				CLANG_CXX_LIBRARY = "libc++";
				CLANG_ENABLE_MODULES = YES;
				CLANG_ENABLE_OBJC_ARC = YES;
				CLANG_ENABLE_OBJC_WEAK = YES;
				CLANG_WARN_BLOCK_CAPTURE_AUTORELEASING = YES;
				CLANG_WARN_BOOL_CONVERSION = YES;
				CLANG_WARN_COMMA = YES;
				CLANG_WARN_CONSTANT_CONVERSION = YES;
				CLANG_WARN_DEPRECATED_OBJC_IMPLEMENTATIONS = YES;
				CLANG_WARN_DIRECT_OBJC_ISA_USAGE = YES_ERROR;
				CLANG_WARN_DOCUMENTATION_COMMENTS = YES;
				CLANG_WARN_EMPTY_BODY = YES;
				CLANG_WARN_ENUM_CONVERSION = YES;
				CLANG_WARN_INFINITE_RECURSION = YES;
				CLANG_WARN_INT_CONVERSION = YES;
				CLANG_WARN_NON_LITERAL_NULL_CONVERSION = YES;
				CLANG_WARN_OBJC_IMPLICIT_RETAIN_SELF = YES;
				CLANG_WARN_OBJC_LITERAL_CONVERSION = YES;
				CLANG_WARN_OBJC_ROOT_CLASS = YES_ERROR;
				CLANG_WARN_RANGE_LOOP_ANALYSIS = YES;
				CLANG_WARN_STRICT_PROTOTYPES = YES;
				CLANG_WARN_SUSPICIOUS_MOVE = YES;
				CLANG_WARN_UNGUARDED_AVAILABILITY = YES_AGGRESSIVE;
				CLANG_WARN_UNREACHABLE_CODE = YES;
				CLANG_WARN__DUPLICATE_METHOD_MATCH = YES;
				CODE_SIGN_IDENTITY = "iPhone Developer";
				COPY_PHASE_STRIP = NO;
				DEBUG_INFORMATION_FORMAT = dwarf;
				ENABLE_STRICT_OBJC_MSGSEND = YES;
				ENABLE_TESTABILITY = YES;
				GCC_C_LANGUAGE_STANDARD = gnu11;
				GCC_DYNAMIC_NO_PIC = NO;
				GCC_NO_COMMON_BLOCKS = YES;
				GCC_OPTIMIZATION_LEVEL = 0;
				GCC_PREPROCESSOR_DEFINITIONS = (
					"DEBUG=1",
					"$(inherited)",
				);
				GCC_WARN_64_TO_32_BIT_CONVERSION = YES;
				GCC_WARN_ABOUT_RETURN_TYPE = YES_ERROR;
				GCC_WARN_UNDECLARED_SELECTOR = YES;
				GCC_WARN_UNINITIALIZED_AUTOS = YES_AGGRESSIVE;
				GCC_WARN_UNUSED_FUNCTION = YES;
				GCC_WARN_UNUSED_VARIABLE = YES;
				IPHONEOS_DEPLOYMENT_TARGET = 12.0;
				MTL_ENABLE_DEBUG_INFO = INCLUDE_SOURCE;
				MTL_FAST_MATH = YES;
				ONLY_ACTIVE_ARCH = YES;
				SDKROOT = iphoneos;
				SWIFT_ACTIVE_COMPILATION_CONDITIONS = DEBUG;
				SWIFT_OPTIMIZATION_LEVEL = "-Onone";
			};
			name = Debug;
		};
		F4B1EC08217B4E13001DD5C3 /* Release */ = {
			isa = XCBuildConfiguration;
			buildSettings = {
				ALWAYS_SEARCH_USER_PATHS = NO;
				CLANG_ANALYZER_NONNULL = YES;
				CLANG_ANALYZER_NUMBER_OBJECT_CONVERSION = YES_AGGRESSIVE;
				CLANG_CXX_LANGUAGE_STANDARD = "gnu++14";
				CLANG_CXX_LIBRARY = "libc++";
				CLANG_ENABLE_MODULES = YES;
				CLANG_ENABLE_OBJC_ARC = YES;
				CLANG_ENABLE_OBJC_WEAK = YES;
				CLANG_WARN_BLOCK_CAPTURE_AUTORELEASING = YES;
				CLANG_WARN_BOOL_CONVERSION = YES;
				CLANG_WARN_COMMA = YES;
				CLANG_WARN_CONSTANT_CONVERSION = YES;
				CLANG_WARN_DEPRECATED_OBJC_IMPLEMENTATIONS = YES;
				CLANG_WARN_DIRECT_OBJC_ISA_USAGE = YES_ERROR;
				CLANG_WARN_DOCUMENTATION_COMMENTS = YES;
				CLANG_WARN_EMPTY_BODY = YES;
				CLANG_WARN_ENUM_CONVERSION = YES;
				CLANG_WARN_INFINITE_RECURSION = YES;
				CLANG_WARN_INT_CONVERSION = YES;
				CLANG_WARN_NON_LITERAL_NULL_CONVERSION = YES;
				CLANG_WARN_OBJC_IMPLICIT_RETAIN_SELF = YES;
				CLANG_WARN_OBJC_LITERAL_CONVERSION = YES;
				CLANG_WARN_OBJC_ROOT_CLASS = YES_ERROR;
				CLANG_WARN_RANGE_LOOP_ANALYSIS = YES;
				CLANG_WARN_STRICT_PROTOTYPES = YES;
				CLANG_WARN_SUSPICIOUS_MOVE = YES;
				CLANG_WARN_UNGUARDED_AVAILABILITY = YES_AGGRESSIVE;
				CLANG_WARN_UNREACHABLE_CODE = YES;
				CLANG_WARN__DUPLICATE_METHOD_MATCH = YES;
				CODE_SIGN_IDENTITY = "iPhone Developer";
				COPY_PHASE_STRIP = NO;
				DEBUG_INFORMATION_FORMAT = "dwarf-with-dsym";
				ENABLE_NS_ASSERTIONS = NO;
				ENABLE_STRICT_OBJC_MSGSEND = YES;
				GCC_C_LANGUAGE_STANDARD = gnu11;
				GCC_NO_COMMON_BLOCKS = YES;
				GCC_WARN_64_TO_32_BIT_CONVERSION = YES;
				GCC_WARN_ABOUT_RETURN_TYPE = YES_ERROR;
				GCC_WARN_UNDECLARED_SELECTOR = YES;
				GCC_WARN_UNINITIALIZED_AUTOS = YES_AGGRESSIVE;
				GCC_WARN_UNUSED_FUNCTION = YES;
				GCC_WARN_UNUSED_VARIABLE = YES;
				IPHONEOS_DEPLOYMENT_TARGET = 12.0;
				MTL_ENABLE_DEBUG_INFO = NO;
				MTL_FAST_MATH = YES;
				SDKROOT = iphoneos;
				SWIFT_COMPILATION_MODE = wholemodule;
				SWIFT_OPTIMIZATION_LEVEL = "-O";
				VALIDATE_PRODUCT = YES;
			};
			name = Release;
		};
		F4B1EC0A217B4E13001DD5C3 /* Debug */ = {
			isa = XCBuildConfiguration;
			buildSettings = {
				ASSETCATALOG_COMPILER_APPICON_NAME = AppIcon;
				CODE_SIGN_STYLE = Automatic;
				DEVELOPMENT_TEAM = 94DP5E7357;
				INFOPLIST_FILE = "iOS Practical Code Test/Info.plist";
				LD_RUNPATH_SEARCH_PATHS = (
					"$(inherited)",
					"@executable_path/Frameworks",
				);
				PRODUCT_BUNDLE_IDENTIFIER = "com.tmtech.iOS-Practical-Code-Test";
				PRODUCT_NAME = "$(TARGET_NAME)";
				SWIFT_VERSION = 4.2;
				TARGETED_DEVICE_FAMILY = "1,2";
			};
			name = Debug;
		};
		F4B1EC0B217B4E13001DD5C3 /* Release */ = {
			isa = XCBuildConfiguration;
			buildSettings = {
				ASSETCATALOG_COMPILER_APPICON_NAME = AppIcon;
				CODE_SIGN_STYLE = Automatic;
				DEVELOPMENT_TEAM = 94DP5E7357;
				INFOPLIST_FILE = "iOS Practical Code Test/Info.plist";
				LD_RUNPATH_SEARCH_PATHS = (
					"$(inherited)",
					"@executable_path/Frameworks",
				);
				PRODUCT_BUNDLE_IDENTIFIER = "com.tmtech.iOS-Practical-Code-Test";
				PRODUCT_NAME = "$(TARGET_NAME)";
				SWIFT_VERSION = 4.2;
				TARGETED_DEVICE_FAMILY = "1,2";
			};
			name = Release;
		};
		F4B1EC0D217B4E13001DD5C3 /* Debug */ = {
			isa = XCBuildConfiguration;
			buildSettings = {
				ALWAYS_EMBED_SWIFT_STANDARD_LIBRARIES = YES;
				BUNDLE_LOADER = "$(TEST_HOST)";
				CODE_SIGN_STYLE = Automatic;
				DEVELOPMENT_TEAM = 94DP5E7357;
				INFOPLIST_FILE = "iOS Practical Code TestTests/Info.plist";
				LD_RUNPATH_SEARCH_PATHS = (
					"$(inherited)",
					"@executable_path/Frameworks",
					"@loader_path/Frameworks",
				);
				PRODUCT_BUNDLE_IDENTIFIER = "com.tmtech.iOS-Practical-Code-TestTests";
				PRODUCT_NAME = "$(TARGET_NAME)";
				SWIFT_VERSION = 4.2;
				TARGETED_DEVICE_FAMILY = "1,2";
				TEST_HOST = "$(BUILT_PRODUCTS_DIR)/iOS Practical Code Test.app/iOS Practical Code Test";
			};
			name = Debug;
		};
		F4B1EC0E217B4E13001DD5C3 /* Release */ = {
			isa = XCBuildConfiguration;
			buildSettings = {
				ALWAYS_EMBED_SWIFT_STANDARD_LIBRARIES = YES;
				BUNDLE_LOADER = "$(TEST_HOST)";
				CODE_SIGN_STYLE = Automatic;
				DEVELOPMENT_TEAM = 94DP5E7357;
				INFOPLIST_FILE = "iOS Practical Code TestTests/Info.plist";
				LD_RUNPATH_SEARCH_PATHS = (
					"$(inherited)",
					"@executable_path/Frameworks",
					"@loader_path/Frameworks",
				);
				PRODUCT_BUNDLE_IDENTIFIER = "com.tmtech.iOS-Practical-Code-TestTests";
				PRODUCT_NAME = "$(TARGET_NAME)";
				SWIFT_VERSION = 4.2;
				TARGETED_DEVICE_FAMILY = "1,2";
				TEST_HOST = "$(BUILT_PRODUCTS_DIR)/iOS Practical Code Test.app/iOS Practical Code Test";
			};
			name = Release;
		};
/* End XCBuildConfiguration section */

/* Begin XCConfigurationList section */
		F4B1EBE7217B4E11001DD5C3 /* Build configuration list for PBXProject "iOS Practical Code Test" */ = {
			isa = XCConfigurationList;
			buildConfigurations = (
				F4B1EC07217B4E13001DD5C3 /* Debug */,
				F4B1EC08217B4E13001DD5C3 /* Release */,
			);
			defaultConfigurationIsVisible = 0;
			defaultConfigurationName = Release;
		};
		F4B1EC09217B4E13001DD5C3 /* Build configuration list for PBXNativeTarget "iOS Practical Code Test" */ = {
			isa = XCConfigurationList;
			buildConfigurations = (
				F4B1EC0A217B4E13001DD5C3 /* Debug */,
				F4B1EC0B217B4E13001DD5C3 /* Release */,
			);
			defaultConfigurationIsVisible = 0;
			defaultConfigurationName = Release;
		};
		F4B1EC0C217B4E13001DD5C3 /* Build configuration list for PBXNativeTarget "iOS Practical Code TestTests" */ = {
			isa = XCConfigurationList;
			buildConfigurations = (
				F4B1EC0D217B4E13001DD5C3 /* Debug */,
				F4B1EC0E217B4E13001DD5C3 /* Release */,
			);
			defaultConfigurationIsVisible = 0;
			defaultConfigurationName = Release;
		};
/* End XCConfigurationList section */
	};
	rootObject = F4B1EBE4217B4E11001DD5C3 /* Project object */;
}
